// !$*UTF8*$!
{
	archiveVersion = 1;
	classes = {
	};
	objectVersion = 45;
	objects = {

/* Begin PBXBuildFile section */
		A024C8AB122286A700E21C0C /* libsikuli.a in Frameworks */ = {isa = PBXBuildFile; fileRef = A0DB4FF7121FF3B500BF48E5 /* libsikuli.a */; };
		A024C9D4122294A000E21C0C /* ApplicationServices.framework in Frameworks */ = {isa = PBXBuildFile; fileRef = A0454E7F11FF19570018D949 /* ApplicationServices.framework */; };
		A024CA64122332D200E21C0C /* play-bejeweled.cpp in Sources */ = {isa = PBXBuildFile; fileRef = A024CA62122332B500E21C0C /* play-bejeweled.cpp */; };
		A024CA6D122332D600E21C0C /* ApplicationServices.framework in Frameworks */ = {isa = PBXBuildFile; fileRef = A0454E7F11FF19570018D949 /* ApplicationServices.framework */; };
		A024CA72122332D600E21C0C /* libsikuli.a in Frameworks */ = {isa = PBXBuildFile; fileRef = A0DB4FF7121FF3B500BF48E5 /* libsikuli.a */; };
		A024CA7E122332FB00E21C0C /* play-whackamole.cpp in Sources */ = {isa = PBXBuildFile; fileRef = A024CA63122332B500E21C0C /* play-whackamole.cpp */; };
		A0DB4B16121EBBFE00BF48E5 /* ApplicationServices.framework in Frameworks */ = {isa = PBXBuildFile; fileRef = A0454E7F11FF19570018D949 /* ApplicationServices.framework */; };
		A0DB4B17121EBBFE00BF48E5 /* OpenGL.framework in Frameworks */ = {isa = PBXBuildFile; fileRef = A045505F11FF44440018D949 /* OpenGL.framework */; };
		A0DB4B35121EBCD000BF48E5 /* FlashTestSuite.cpp in Sources */ = {isa = PBXBuildFile; fileRef = A0DB4B34121EBCD000BF48E5 /* FlashTestSuite.cpp */; };
		A0DB4BE6121ECC8200BF48E5 /* CoreTestSuite.cpp in Sources */ = {isa = PBXBuildFile; fileRef = A0DB4BE5121ECC8200BF48E5 /* CoreTestSuite.cpp */; };
		A0DB4C0D121ECE3C00BF48E5 /* main_cxxtest.cpp in Sources */ = {isa = PBXBuildFile; fileRef = A0DB4C0C121ECE3C00BF48E5 /* main_cxxtest.cpp */; };
		A0DB4C40121ED88900BF48E5 /* MacTestSuite.cpp in Sources */ = {isa = PBXBuildFile; fileRef = A0DB4C3F121ED88900BF48E5 /* MacTestSuite.cpp */; };
		A0DB4FFA121FF3BE00BF48E5 /* location.cpp in Sources */ = {isa = PBXBuildFile; fileRef = A06BA2D0120AE886000C73A3 /* location.cpp */; };
		A0DB4FFE121FF3E600BF48E5 /* cv-util.cpp in Sources */ = {isa = PBXBuildFile; fileRef = A06B9952120834B5000C73A3 /* cv-util.cpp */; };
		A0DB4FFF121FF3E600BF48E5 /* finder.cpp in Sources */ = {isa = PBXBuildFile; fileRef = A06B9954120834B5000C73A3 /* finder.cpp */; };
		A0DB5000121FF3E600BF48E5 /* ocr.cpp in Sources */ = {isa = PBXBuildFile; fileRef = A06B9956120834B5000C73A3 /* ocr.cpp */; };
		A0DB5001121FF3E600BF48E5 /* pyramid-template-matcher.cpp in Sources */ = {isa = PBXBuildFile; fileRef = A06B9958120834B5000C73A3 /* pyramid-template-matcher.cpp */; };
		A0DB5002121FF3E600BF48E5 /* vision.cpp in Sources */ = {isa = PBXBuildFile; fileRef = A06B995A120834B5000C73A3 /* vision.cpp */; };
		A0DB5003121FF3E600BF48E5 /* TimingBlock.cc in Sources */ = {isa = PBXBuildFile; fileRef = A06B9963120834DF000C73A3 /* TimingBlock.cc */; };
		A0DB5006121FF3E600BF48E5 /* region.cpp in Sources */ = {isa = PBXBuildFile; fileRef = A06B996B1208350C000C73A3 /* region.cpp */; };
		A0DB5007121FF3E600BF48E5 /* robot.cpp in Sources */ = {isa = PBXBuildFile; fileRef = A06B996E1208350C000C73A3 /* robot.cpp */; };
		A0DB5008121FF3E600BF48E5 /* screen.cpp in Sources */ = {isa = PBXBuildFile; fileRef = A06B99701208350C000C73A3 /* screen.cpp */; };
		A0DB5009121FF3E600BF48E5 /* pattern.cpp in Sources */ = {isa = PBXBuildFile; fileRef = A06BA2D2120AE886000C73A3 /* pattern.cpp */; };
		A0DB500A121FF3E600BF48E5 /* settings.cpp in Sources */ = {isa = PBXBuildFile; fileRef = A06BA2D4120AE886000C73A3 /* settings.cpp */; };
		A0DB500B121FF3E600BF48E5 /* sikuli.cpp in Sources */ = {isa = PBXBuildFile; fileRef = A06BA2D6120AE886000C73A3 /* sikuli.cpp */; };
		A0DB500C121FF3E600BF48E5 /* event-manager.cpp in Sources */ = {isa = PBXBuildFile; fileRef = A0EB793A12116F7100C243A5 /* event-manager.cpp */; };
		A0DB500D121FF3E600BF48E5 /* ui.cpp in Sources */ = {isa = PBXBuildFile; fileRef = A0DB4F08121F766800BF48E5 /* ui.cpp */; };
		A0DB5038121FF58000BF48E5 /* libsikuli.a in Frameworks */ = {isa = PBXBuildFile; fileRef = A0DB4FF7121FF3B500BF48E5 /* libsikuli.a */; };
		A0DB50711220AC4500BF48E5 /* event-manager.h in Headers */ = {isa = PBXBuildFile; fileRef = A0EB793B12116F7100C243A5 /* event-manager.h */; };
		A0DB50721220AC4500BF48E5 /* exceptions.h in Headers */ = {isa = PBXBuildFile; fileRef = A0EB76A71210DAF200C243A5 /* exceptions.h */; };
		A0DB50731220AC4500BF48E5 /* location.h in Headers */ = {isa = PBXBuildFile; fileRef = A06BA2D1120AE886000C73A3 /* location.h */; };
		A0DB50741220AC4500BF48E5 /* pattern.h in Headers */ = {isa = PBXBuildFile; fileRef = A06BA2D3120AE886000C73A3 /* pattern.h */; };
		A0DB50751220AC4500BF48E5 /* settings.h in Headers */ = {isa = PBXBuildFile; fileRef = A06BA2D5120AE886000C73A3 /* settings.h */; };
		A0DB50761220AC4500BF48E5 /* sikuli.h in Headers */ = {isa = PBXBuildFile; fileRef = A06BA2D7120AE886000C73A3 /* sikuli.h */; };
		A0DB50771220AC4500BF48E5 /* keys.h in Headers */ = {isa = PBXBuildFile; fileRef = A06B99691208350C000C73A3 /* keys.h */; };
		A0DB50781220AC4500BF48E5 /* region.h in Headers */ = {isa = PBXBuildFile; fileRef = A06B996C1208350C000C73A3 /* region.h */; };
		A0DB50791220AC4500BF48E5 /* result.h in Headers */ = {isa = PBXBuildFile; fileRef = A06B996D1208350C000C73A3 /* result.h */; };
		A0DB507A1220AC4500BF48E5 /* screen.h in Headers */ = {isa = PBXBuildFile; fileRef = A06B99711208350C000C73A3 /* screen.h */; };
		A0DB507B1220AC4500BF48E5 /* ui.h in Headers */ = {isa = PBXBuildFile; fileRef = A0DB4F07121F766800BF48E5 /* ui.h */; };
		A0FE970C1224A502002179C1 /* test_register.cpp in Sources */ = {isa = PBXBuildFile; fileRef = A0FE970B1224A502002179C1 /* test_register.cpp */; };
		A0FE9D4612275058002179C1 /* libopencv_objdetect.a in Frameworks */ = {isa = PBXBuildFile; fileRef = A0FE9D4112275058002179C1 /* libopencv_objdetect.a */; };
		A0FE9D4712275058002179C1 /* libopencv_legacy.a in Frameworks */ = {isa = PBXBuildFile; fileRef = A0FE9D4212275058002179C1 /* libopencv_legacy.a */; };
		A0FE9D4812275058002179C1 /* libopencv_imgproc.a in Frameworks */ = {isa = PBXBuildFile; fileRef = A0FE9D4312275058002179C1 /* libopencv_imgproc.a */; };
		A0FE9D4912275058002179C1 /* libopencv_highgui.a in Frameworks */ = {isa = PBXBuildFile; fileRef = A0FE9D4412275058002179C1 /* libopencv_highgui.a */; };
		A0FE9D4A12275058002179C1 /* libopencv_core.a in Frameworks */ = {isa = PBXBuildFile; fileRef = A0FE9D4512275058002179C1 /* libopencv_core.a */; };
		A0FE9D4B12275058002179C1 /* libopencv_objdetect.a in Frameworks */ = {isa = PBXBuildFile; fileRef = A0FE9D4112275058002179C1 /* libopencv_objdetect.a */; };
		A0FE9D4C12275058002179C1 /* libopencv_legacy.a in Frameworks */ = {isa = PBXBuildFile; fileRef = A0FE9D4212275058002179C1 /* libopencv_legacy.a */; };
		A0FE9D4D12275058002179C1 /* libopencv_imgproc.a in Frameworks */ = {isa = PBXBuildFile; fileRef = A0FE9D4312275058002179C1 /* libopencv_imgproc.a */; };
		A0FE9D4E12275058002179C1 /* libopencv_highgui.a in Frameworks */ = {isa = PBXBuildFile; fileRef = A0FE9D4412275058002179C1 /* libopencv_highgui.a */; };
		A0FE9D4F12275058002179C1 /* libopencv_core.a in Frameworks */ = {isa = PBXBuildFile; fileRef = A0FE9D4512275058002179C1 /* libopencv_core.a */; };
		A0FE9D5012275058002179C1 /* libopencv_objdetect.a in Frameworks */ = {isa = PBXBuildFile; fileRef = A0FE9D4112275058002179C1 /* libopencv_objdetect.a */; };
		A0FE9D5112275058002179C1 /* libopencv_legacy.a in Frameworks */ = {isa = PBXBuildFile; fileRef = A0FE9D4212275058002179C1 /* libopencv_legacy.a */; };
		A0FE9D5212275058002179C1 /* libopencv_imgproc.a in Frameworks */ = {isa = PBXBuildFile; fileRef = A0FE9D4312275058002179C1 /* libopencv_imgproc.a */; };
		A0FE9D5312275058002179C1 /* libopencv_highgui.a in Frameworks */ = {isa = PBXBuildFile; fileRef = A0FE9D4412275058002179C1 /* libopencv_highgui.a */; };
		A0FE9D5412275058002179C1 /* libopencv_core.a in Frameworks */ = {isa = PBXBuildFile; fileRef = A0FE9D4512275058002179C1 /* libopencv_core.a */; };
		A0FE9D5512275058002179C1 /* libopencv_objdetect.a in Frameworks */ = {isa = PBXBuildFile; fileRef = A0FE9D4112275058002179C1 /* libopencv_objdetect.a */; };
		A0FE9D5612275058002179C1 /* libopencv_legacy.a in Frameworks */ = {isa = PBXBuildFile; fileRef = A0FE9D4212275058002179C1 /* libopencv_legacy.a */; };
		A0FE9D5712275058002179C1 /* libopencv_imgproc.a in Frameworks */ = {isa = PBXBuildFile; fileRef = A0FE9D4312275058002179C1 /* libopencv_imgproc.a */; };
		A0FE9D5812275058002179C1 /* libopencv_highgui.a in Frameworks */ = {isa = PBXBuildFile; fileRef = A0FE9D4412275058002179C1 /* libopencv_highgui.a */; };
		A0FE9D5912275058002179C1 /* libopencv_core.a in Frameworks */ = {isa = PBXBuildFile; fileRef = A0FE9D4512275058002179C1 /* libopencv_core.a */; };
		A0FE9D5D122750C3002179C1 /* Cocoa.framework in Frameworks */ = {isa = PBXBuildFile; fileRef = A0FE9D5C122750C3002179C1 /* Cocoa.framework */; };
		A0FE9DB01227D98A002179C1 /* liblibjpeg.a in Frameworks */ = {isa = PBXBuildFile; fileRef = A0FE9DAC1227D98A002179C1 /* liblibjpeg.a */; };
		A0FE9DB11227D98A002179C1 /* liblibpng.a in Frameworks */ = {isa = PBXBuildFile; fileRef = A0FE9DAD1227D98A002179C1 /* liblibpng.a */; };
		A0FE9DB21227D98A002179C1 /* liblibtiff.a in Frameworks */ = {isa = PBXBuildFile; fileRef = A0FE9DAE1227D98A002179C1 /* liblibtiff.a */; };
		A0FE9DB31227D98A002179C1 /* libzlib.a in Frameworks */ = {isa = PBXBuildFile; fileRef = A0FE9DAF1227D98A002179C1 /* libzlib.a */; };
		A0FE9DB41227D98A002179C1 /* liblibjpeg.a in Frameworks */ = {isa = PBXBuildFile; fileRef = A0FE9DAC1227D98A002179C1 /* liblibjpeg.a */; };
		A0FE9DB51227D98A002179C1 /* liblibpng.a in Frameworks */ = {isa = PBXBuildFile; fileRef = A0FE9DAD1227D98A002179C1 /* liblibpng.a */; };
		A0FE9DB61227D98A002179C1 /* liblibtiff.a in Frameworks */ = {isa = PBXBuildFile; fileRef = A0FE9DAE1227D98A002179C1 /* liblibtiff.a */; };
		A0FE9DB71227D98A002179C1 /* libzlib.a in Frameworks */ = {isa = PBXBuildFile; fileRef = A0FE9DAF1227D98A002179C1 /* libzlib.a */; };
		A0FE9DB81227D98A002179C1 /* liblibjpeg.a in Frameworks */ = {isa = PBXBuildFile; fileRef = A0FE9DAC1227D98A002179C1 /* liblibjpeg.a */; };
		A0FE9DB91227D98A002179C1 /* liblibpng.a in Frameworks */ = {isa = PBXBuildFile; fileRef = A0FE9DAD1227D98A002179C1 /* liblibpng.a */; };
		A0FE9DBA1227D98A002179C1 /* liblibtiff.a in Frameworks */ = {isa = PBXBuildFile; fileRef = A0FE9DAE1227D98A002179C1 /* liblibtiff.a */; };
		A0FE9DBB1227D98A002179C1 /* libzlib.a in Frameworks */ = {isa = PBXBuildFile; fileRef = A0FE9DAF1227D98A002179C1 /* libzlib.a */; };
		A0FE9DBC1227D98A002179C1 /* liblibjpeg.a in Frameworks */ = {isa = PBXBuildFile; fileRef = A0FE9DAC1227D98A002179C1 /* liblibjpeg.a */; };
		A0FE9DBD1227D98A002179C1 /* liblibpng.a in Frameworks */ = {isa = PBXBuildFile; fileRef = A0FE9DAD1227D98A002179C1 /* liblibpng.a */; };
		A0FE9DBE1227D98A002179C1 /* liblibtiff.a in Frameworks */ = {isa = PBXBuildFile; fileRef = A0FE9DAE1227D98A002179C1 /* liblibtiff.a */; };
		A0FE9DBF1227D98A002179C1 /* libzlib.a in Frameworks */ = {isa = PBXBuildFile; fileRef = A0FE9DAF1227D98A002179C1 /* libzlib.a */; };
		A0FE9DC31227D9C3002179C1 /* libopencv_lapack.a in Frameworks */ = {isa = PBXBuildFile; fileRef = A0FE9DC21227D9C3002179C1 /* libopencv_lapack.a */; };
		A0FE9DC41227D9C3002179C1 /* libopencv_lapack.a in Frameworks */ = {isa = PBXBuildFile; fileRef = A0FE9DC21227D9C3002179C1 /* libopencv_lapack.a */; };
		A0FE9DC51227D9C3002179C1 /* libopencv_lapack.a in Frameworks */ = {isa = PBXBuildFile; fileRef = A0FE9DC21227D9C3002179C1 /* libopencv_lapack.a */; };
		A0FE9DC61227D9C3002179C1 /* libopencv_lapack.a in Frameworks */ = {isa = PBXBuildFile; fileRef = A0FE9DC21227D9C3002179C1 /* libopencv_lapack.a */; };
		A0FEA047122949A7002179C1 /* screen-image.h in Headers */ = {isa = PBXBuildFile; fileRef = A0FEA045122949A7002179C1 /* screen-image.h */; };
		A0FEA048122949A7002179C1 /* screen-image.cpp in Sources */ = {isa = PBXBuildFile; fileRef = A0FEA046122949A7002179C1 /* screen-image.cpp */; };
/* End PBXBuildFile section */

/* Begin PBXContainerItemProxy section */
		A024C8A9122286A100E21C0C /* PBXContainerItemProxy */ = {
			isa = PBXContainerItemProxy;
			containerPortal = 08FB7793FE84155DC02AAC07 /* Project object */;
			proxyType = 1;
			remoteGlobalIDString = A0DB4FF6121FF3B500BF48E5;
			remoteInfo = libsikuli;
		};
		A024CA67122332D600E21C0C /* PBXContainerItemProxy */ = {
			isa = PBXContainerItemProxy;
			containerPortal = 08FB7793FE84155DC02AAC07 /* Project object */;
			proxyType = 1;
			remoteGlobalIDString = A0DB4FF6121FF3B500BF48E5;
			remoteInfo = libsikuli;
		};
		A0DB501B121FF4D500BF48E5 /* PBXContainerItemProxy */ = {
			isa = PBXContainerItemProxy;
			containerPortal = 08FB7793FE84155DC02AAC07 /* Project object */;
			proxyType = 1;
			remoteGlobalIDString = A0DB4FF6121FF3B500BF48E5;
			remoteInfo = libsikuli;
		};
/* End PBXContainerItemProxy section */

/* Begin PBXCopyFilesBuildPhase section */
		A024CA78122332D600E21C0C /* CopyFiles */ = {
			isa = PBXCopyFilesBuildPhase;
			buildActionMask = 8;
			dstPath = /usr/share/man/man1/;
			dstSubfolderSpec = 0;
			files = (
			);
			runOnlyForDeploymentPostprocessing = 1;
		};
		A0DB48BC121D40C300BF48E5 /* CopyFiles */ = {
			isa = PBXCopyFilesBuildPhase;
			buildActionMask = 8;
			dstPath = /usr/share/man/man1/;
			dstSubfolderSpec = 0;
			files = (
			);
			runOnlyForDeploymentPostprocessing = 1;
		};
		A0DB4B23121EBBFE00BF48E5 /* CopyFiles */ = {
			isa = PBXCopyFilesBuildPhase;
			buildActionMask = 8;
			dstPath = /usr/share/man/man1/;
			dstSubfolderSpec = 0;
			files = (
			);
			runOnlyForDeploymentPostprocessing = 1;
		};
/* End PBXCopyFilesBuildPhase section */

/* Begin PBXFileReference section */
		A024C8CD1222898000E21C0C /* play-bejeweled */ = {isa = PBXFileReference; explicitFileType = "compiled.mach-o.executable"; includeInIndex = 0; path = "play-bejeweled"; sourceTree = BUILT_PRODUCTS_DIR; };
		A024C8CF1222898000E21C0C /* sikuli */ = {isa = PBXFileReference; explicitFileType = "compiled.mach-o.executable"; includeInIndex = 0; path = sikuli; sourceTree = BUILT_PRODUCTS_DIR; };
		A024CA62122332B500E21C0C /* play-bejeweled.cpp */ = {isa = PBXFileReference; fileEncoding = 4; lastKnownFileType = sourcecode.cpp.cpp; name = "play-bejeweled.cpp"; path = "examples/cpp/play-bejeweled.cpp"; sourceTree = "<group>"; };
		A024CA63122332B500E21C0C /* play-whackamole.cpp */ = {isa = PBXFileReference; fileEncoding = 4; lastKnownFileType = sourcecode.cpp.cpp; name = "play-whackamole.cpp"; path = "examples/cpp/play-whackamole.cpp"; sourceTree = "<group>"; };
		A024CA7C122332D600E21C0C /* play-bejeweled */ = {isa = PBXFileReference; explicitFileType = "compiled.mach-o.executable"; includeInIndex = 0; path = "play-bejeweled"; sourceTree = BUILT_PRODUCTS_DIR; };
		A02C192312143B470048EDE2 /* sikuli-bare.h */ = {isa = PBXFileReference; fileEncoding = 4; lastKnownFileType = sourcecode.c.h; path = "sikuli-bare.h"; sourceTree = "<group>"; };
		A02C192412143B470048EDE2 /* sikuli-bare.cpp */ = {isa = PBXFileReference; fileEncoding = 4; lastKnownFileType = sourcecode.cpp.cpp; path = "sikuli-bare.cpp"; sourceTree = "<group>"; };
		A0454E7F11FF19570018D949 /* ApplicationServices.framework */ = {isa = PBXFileReference; lastKnownFileType = wrapper.framework; name = ApplicationServices.framework; path = System/Library/Frameworks/ApplicationServices.framework; sourceTree = SDKROOT; };
		A045505F11FF44440018D949 /* OpenGL.framework */ = {isa = PBXFileReference; lastKnownFileType = wrapper.framework; name = OpenGL.framework; path = System/Library/Frameworks/OpenGL.framework; sourceTree = SDKROOT; };
		A06B840B1200A4E0000C73A3 /* setup.py */ = {isa = PBXFileReference; fileEncoding = 4; lastKnownFileType = text.script.python; path = setup.py; sourceTree = "<group>"; };
		A06B9952120834B5000C73A3 /* cv-util.cpp */ = {isa = PBXFileReference; fileEncoding = 4; lastKnownFileType = sourcecode.cpp.cpp; name = "cv-util.cpp"; path = "src/cv-util.cpp"; sourceTree = "<group>"; };
		A06B9953120834B5000C73A3 /* cv-util.h */ = {isa = PBXFileReference; fileEncoding = 4; lastKnownFileType = sourcecode.c.h; name = "cv-util.h"; path = "src/cv-util.h"; sourceTree = "<group>"; };
		A06B9954120834B5000C73A3 /* finder.cpp */ = {isa = PBXFileReference; fileEncoding = 4; lastKnownFileType = sourcecode.cpp.cpp; name = finder.cpp; path = src/finder.cpp; sourceTree = "<group>"; };
		A06B9955120834B5000C73A3 /* finder.h */ = {isa = PBXFileReference; fileEncoding = 4; lastKnownFileType = sourcecode.c.h; name = finder.h; path = src/finder.h; sourceTree = "<group>"; };
		A06B9956120834B5000C73A3 /* ocr.cpp */ = {isa = PBXFileReference; fileEncoding = 4; lastKnownFileType = sourcecode.cpp.cpp; name = ocr.cpp; path = src/ocr.cpp; sourceTree = "<group>"; };
		A06B9957120834B5000C73A3 /* ocr.h */ = {isa = PBXFileReference; fileEncoding = 4; lastKnownFileType = sourcecode.c.h; name = ocr.h; path = src/ocr.h; sourceTree = "<group>"; };
		A06B9958120834B5000C73A3 /* pyramid-template-matcher.cpp */ = {isa = PBXFileReference; fileEncoding = 4; lastKnownFileType = sourcecode.cpp.cpp; name = "pyramid-template-matcher.cpp"; path = "src/pyramid-template-matcher.cpp"; sourceTree = "<group>"; };
		A06B9959120834B5000C73A3 /* pyramid-template-matcher.h */ = {isa = PBXFileReference; fileEncoding = 4; lastKnownFileType = sourcecode.c.h; name = "pyramid-template-matcher.h"; path = "src/pyramid-template-matcher.h"; sourceTree = "<group>"; };
		A06B995A120834B5000C73A3 /* vision.cpp */ = {isa = PBXFileReference; fileEncoding = 4; lastKnownFileType = sourcecode.cpp.cpp; name = vision.cpp; path = src/vision.cpp; sourceTree = "<group>"; };
		A06B995B120834B5000C73A3 /* vision.h */ = {isa = PBXFileReference; fileEncoding = 4; lastKnownFileType = sourcecode.c.h; name = vision.h; path = src/vision.h; sourceTree = "<group>"; };
		A06B9963120834DF000C73A3 /* TimingBlock.cc */ = {isa = PBXFileReference; fileEncoding = 4; lastKnownFileType = sourcecode.cpp.cpp; name = TimingBlock.cc; path = src/TimingBlock.cc; sourceTree = "<group>"; };
		A06B9964120834DF000C73A3 /* TimingBlock.h */ = {isa = PBXFileReference; fileEncoding = 4; lastKnownFileType = sourcecode.c.h; name = TimingBlock.h; path = src/TimingBlock.h; sourceTree = "<group>"; };
		A06B99671208350C000C73A3 /* glgrab.c */ = {isa = PBXFileReference; fileEncoding = 4; lastKnownFileType = sourcecode.c.c; name = glgrab.c; path = src/glgrab.c; sourceTree = "<group>"; };
		A06B99681208350C000C73A3 /* glgrab.h */ = {isa = PBXFileReference; fileEncoding = 4; lastKnownFileType = sourcecode.c.h; name = glgrab.h; path = src/glgrab.h; sourceTree = "<group>"; };
		A06B99691208350C000C73A3 /* keys.h */ = {isa = PBXFileReference; fileEncoding = 4; lastKnownFileType = sourcecode.c.h; name = keys.h; path = src/keys.h; sourceTree = "<group>"; };
		A06B996B1208350C000C73A3 /* region.cpp */ = {isa = PBXFileReference; fileEncoding = 4; lastKnownFileType = sourcecode.cpp.cpp; name = region.cpp; path = src/region.cpp; sourceTree = "<group>"; };
		A06B996C1208350C000C73A3 /* region.h */ = {isa = PBXFileReference; fileEncoding = 4; lastKnownFileType = sourcecode.c.h; name = region.h; path = src/region.h; sourceTree = "<group>"; };
		A06B996D1208350C000C73A3 /* result.h */ = {isa = PBXFileReference; fileEncoding = 4; lastKnownFileType = sourcecode.c.h; name = result.h; path = src/result.h; sourceTree = "<group>"; };
		A06B996E1208350C000C73A3 /* robot.cpp */ = {isa = PBXFileReference; fileEncoding = 4; lastKnownFileType = sourcecode.cpp.cpp; name = robot.cpp; path = src/robot.cpp; sourceTree = "<group>"; };
		A06B996F1208350C000C73A3 /* robot.h */ = {isa = PBXFileReference; fileEncoding = 4; lastKnownFileType = sourcecode.c.h; name = robot.h; path = src/robot.h; sourceTree = "<group>"; };
		A06B99701208350C000C73A3 /* screen.cpp */ = {isa = PBXFileReference; fileEncoding = 4; lastKnownFileType = sourcecode.cpp.cpp; name = screen.cpp; path = src/screen.cpp; sourceTree = "<group>"; };
		A06B99711208350C000C73A3 /* screen.h */ = {isa = PBXFileReference; fileEncoding = 4; lastKnownFileType = sourcecode.c.h; name = screen.h; path = src/screen.h; sourceTree = "<group>"; };
		A06BA2D0120AE886000C73A3 /* location.cpp */ = {isa = PBXFileReference; fileEncoding = 4; lastKnownFileType = sourcecode.cpp.cpp; name = location.cpp; path = src/location.cpp; sourceTree = "<group>"; };
		A06BA2D1120AE886000C73A3 /* location.h */ = {isa = PBXFileReference; fileEncoding = 4; lastKnownFileType = sourcecode.c.h; name = location.h; path = src/location.h; sourceTree = "<group>"; };
		A06BA2D2120AE886000C73A3 /* pattern.cpp */ = {isa = PBXFileReference; fileEncoding = 4; lastKnownFileType = sourcecode.cpp.cpp; name = pattern.cpp; path = src/pattern.cpp; sourceTree = "<group>"; };
		A06BA2D3120AE886000C73A3 /* pattern.h */ = {isa = PBXFileReference; fileEncoding = 4; lastKnownFileType = sourcecode.c.h; name = pattern.h; path = src/pattern.h; sourceTree = "<group>"; };
		A06BA2D4120AE886000C73A3 /* settings.cpp */ = {isa = PBXFileReference; fileEncoding = 4; lastKnownFileType = sourcecode.cpp.cpp; name = settings.cpp; path = src/settings.cpp; sourceTree = "<group>"; };
		A06BA2D5120AE886000C73A3 /* settings.h */ = {isa = PBXFileReference; fileEncoding = 4; lastKnownFileType = sourcecode.c.h; name = settings.h; path = src/settings.h; sourceTree = "<group>"; };
		A06BA2D6120AE886000C73A3 /* sikuli.cpp */ = {isa = PBXFileReference; fileEncoding = 4; lastKnownFileType = sourcecode.cpp.cpp; name = sikuli.cpp; path = src/sikuli.cpp; sourceTree = "<group>"; };
		A06BA2D7120AE886000C73A3 /* sikuli.h */ = {isa = PBXFileReference; fileEncoding = 4; lastKnownFileType = sourcecode.c.h; name = sikuli.h; path = src/sikuli.h; sourceTree = "<group>"; };
		A0DB4B2F121EBC7C00BF48E5 /* FlashTestSuite.h */ = {isa = PBXFileReference; fileEncoding = 4; lastKnownFileType = sourcecode.c.h; name = FlashTestSuite.h; path = src/test/FlashTestSuite.h; sourceTree = "<group>"; };
		A0DB4B34121EBCD000BF48E5 /* FlashTestSuite.cpp */ = {isa = PBXFileReference; fileEncoding = 4; lastKnownFileType = sourcecode.cpp.cpp; name = FlashTestSuite.cpp; path = src/test/FlashTestSuite.cpp; sourceTree = "<group>"; };
		A0DB4B9A121EC98900BF48E5 /* CoreTestSuite.h */ = {isa = PBXFileReference; fileEncoding = 4; lastKnownFileType = sourcecode.c.h; name = CoreTestSuite.h; path = src/test/CoreTestSuite.h; sourceTree = "<group>"; };
		A0DB4BE5121ECC8200BF48E5 /* CoreTestSuite.cpp */ = {isa = PBXFileReference; fileEncoding = 4; lastKnownFileType = sourcecode.cpp.cpp; name = CoreTestSuite.cpp; path = src/test/CoreTestSuite.cpp; sourceTree = "<group>"; };
		A0DB4C0C121ECE3C00BF48E5 /* main_cxxtest.cpp */ = {isa = PBXFileReference; fileEncoding = 4; lastKnownFileType = sourcecode.cpp.cpp; name = main_cxxtest.cpp; path = src/test/main_cxxtest.cpp; sourceTree = "<group>"; };
		A0DB4C3F121ED88900BF48E5 /* MacTestSuite.cpp */ = {isa = PBXFileReference; fileEncoding = 4; lastKnownFileType = sourcecode.cpp.cpp; name = MacTestSuite.cpp; path = src/test/MacTestSuite.cpp; sourceTree = "<group>"; };
		A0DB4C41121ED8A300BF48E5 /* MacTestSuite.h */ = {isa = PBXFileReference; fileEncoding = 4; lastKnownFileType = sourcecode.c.h; name = MacTestSuite.h; path = src/test/MacTestSuite.h; sourceTree = "<group>"; };
		A0DB4F07121F766800BF48E5 /* ui.h */ = {isa = PBXFileReference; fileEncoding = 4; lastKnownFileType = sourcecode.c.h; name = ui.h; path = src/ui.h; sourceTree = "<group>"; };
		A0DB4F08121F766800BF48E5 /* ui.cpp */ = {isa = PBXFileReference; fileEncoding = 4; lastKnownFileType = sourcecode.cpp.cpp; name = ui.cpp; path = src/ui.cpp; sourceTree = "<group>"; };
		A0DB4FF7121FF3B500BF48E5 /* libsikuli.a */ = {isa = PBXFileReference; explicitFileType = archive.ar; includeInIndex = 0; path = libsikuli.a; sourceTree = BUILT_PRODUCTS_DIR; };
		A0EB76A71210DAF200C243A5 /* exceptions.h */ = {isa = PBXFileReference; fileEncoding = 4; lastKnownFileType = sourcecode.c.h; name = exceptions.h; path = src/exceptions.h; sourceTree = "<group>"; };
		A0EB793A12116F7100C243A5 /* event-manager.cpp */ = {isa = PBXFileReference; fileEncoding = 4; lastKnownFileType = sourcecode.cpp.cpp; name = "event-manager.cpp"; path = "src/event-manager.cpp"; sourceTree = "<group>"; };
		A0EB793B12116F7100C243A5 /* event-manager.h */ = {isa = PBXFileReference; fileEncoding = 4; lastKnownFileType = sourcecode.c.h; name = "event-manager.h"; path = "src/event-manager.h"; sourceTree = "<group>"; };
		A0FE970A1224A502002179C1 /* test_register.h */ = {isa = PBXFileReference; fileEncoding = 4; lastKnownFileType = sourcecode.c.h; path = test_register.h; sourceTree = "<group>"; };
		A0FE970B1224A502002179C1 /* test_register.cpp */ = {isa = PBXFileReference; fileEncoding = 4; lastKnownFileType = sourcecode.cpp.cpp; path = test_register.cpp; sourceTree = "<group>"; };
		A0FE9D4112275058002179C1 /* libopencv_objdetect.a */ = {isa = PBXFileReference; lastKnownFileType = archive.ar; name = libopencv_objdetect.a; path = /usr/local/lib/libopencv_objdetect.a; sourceTree = "<absolute>"; };
		A0FE9D4212275058002179C1 /* libopencv_legacy.a */ = {isa = PBXFileReference; lastKnownFileType = archive.ar; name = libopencv_legacy.a; path = /usr/local/lib/libopencv_legacy.a; sourceTree = "<absolute>"; };
		A0FE9D4312275058002179C1 /* libopencv_imgproc.a */ = {isa = PBXFileReference; lastKnownFileType = archive.ar; name = libopencv_imgproc.a; path = /usr/local/lib/libopencv_imgproc.a; sourceTree = "<absolute>"; };
		A0FE9D4412275058002179C1 /* libopencv_highgui.a */ = {isa = PBXFileReference; lastKnownFileType = archive.ar; name = libopencv_highgui.a; path = /usr/local/lib/libopencv_highgui.a; sourceTree = "<absolute>"; };
		A0FE9D4512275058002179C1 /* libopencv_core.a */ = {isa = PBXFileReference; lastKnownFileType = archive.ar; name = libopencv_core.a; path = /usr/local/lib/libopencv_core.a; sourceTree = "<absolute>"; };
		A0FE9D5C122750C3002179C1 /* Cocoa.framework */ = {isa = PBXFileReference; lastKnownFileType = wrapper.framework; name = Cocoa.framework; path = System/Library/Frameworks/Cocoa.framework; sourceTree = SDKROOT; };
		A0FE9DAC1227D98A002179C1 /* liblibjpeg.a */ = {isa = PBXFileReference; lastKnownFileType = archive.ar; name = liblibjpeg.a; path = ../../../install/opencv/3rdparty/lib/liblibjpeg.a; sourceTree = SOURCE_ROOT; };
		A0FE9DAD1227D98A002179C1 /* liblibpng.a */ = {isa = PBXFileReference; lastKnownFileType = archive.ar; name = liblibpng.a; path = ../../../install/opencv/3rdparty/lib/liblibpng.a; sourceTree = SOURCE_ROOT; };
		A0FE9DAE1227D98A002179C1 /* liblibtiff.a */ = {isa = PBXFileReference; lastKnownFileType = archive.ar; name = liblibtiff.a; path = ../../../install/opencv/3rdparty/lib/liblibtiff.a; sourceTree = SOURCE_ROOT; };
		A0FE9DAF1227D98A002179C1 /* libzlib.a */ = {isa = PBXFileReference; lastKnownFileType = archive.ar; name = libzlib.a; path = ../../../install/opencv/3rdparty/lib/libzlib.a; sourceTree = SOURCE_ROOT; };
		A0FE9DC21227D9C3002179C1 /* libopencv_lapack.a */ = {isa = PBXFileReference; lastKnownFileType = archive.ar; name = libopencv_lapack.a; path = ../../../install/opencv/3rdparty/lib/libopencv_lapack.a; sourceTree = SOURCE_ROOT; };
		A0FEA045122949A7002179C1 /* screen-image.h */ = {isa = PBXFileReference; fileEncoding = 4; lastKnownFileType = sourcecode.c.h; name = "screen-image.h"; path = "src/screen-image.h"; sourceTree = "<group>"; };
		A0FEA046122949A7002179C1 /* screen-image.cpp */ = {isa = PBXFileReference; fileEncoding = 4; lastKnownFileType = sourcecode.cpp.cpp; name = "screen-image.cpp"; path = "src/screen-image.cpp"; sourceTree = "<group>"; };
/* End PBXFileReference section */

/* Begin PBXFrameworksBuildPhase section */
		A024CA6A122332D600E21C0C /* Frameworks */ = {
			isa = PBXFrameworksBuildPhase;
			buildActionMask = 2147483647;
			files = (
				A024CA6D122332D600E21C0C /* ApplicationServices.framework in Frameworks */,
				A024CA72122332D600E21C0C /* libsikuli.a in Frameworks */,
				A0FE9D4B12275058002179C1 /* libopencv_objdetect.a in Frameworks */,
				A0FE9D4C12275058002179C1 /* libopencv_legacy.a in Frameworks */,
				A0FE9D4D12275058002179C1 /* libopencv_imgproc.a in Frameworks */,
				A0FE9D4E12275058002179C1 /* libopencv_highgui.a in Frameworks */,
				A0FE9D4F12275058002179C1 /* libopencv_core.a in Frameworks */,
				A0FE9DB41227D98A002179C1 /* liblibjpeg.a in Frameworks */,
				A0FE9DB51227D98A002179C1 /* liblibpng.a in Frameworks */,
				A0FE9DB61227D98A002179C1 /* liblibtiff.a in Frameworks */,
				A0FE9DB71227D98A002179C1 /* libzlib.a in Frameworks */,
				A0FE9DC41227D9C3002179C1 /* libopencv_lapack.a in Frameworks */,
			);
			runOnlyForDeploymentPostprocessing = 0;
		};
		A0DB48AE121D40C300BF48E5 /* Frameworks */ = {
			isa = PBXFrameworksBuildPhase;
			buildActionMask = 2147483647;
			files = (
				A024C9D4122294A000E21C0C /* ApplicationServices.framework in Frameworks */,
				A024C8AB122286A700E21C0C /* libsikuli.a in Frameworks */,
				A0FE9D4612275058002179C1 /* libopencv_objdetect.a in Frameworks */,
				A0FE9D4712275058002179C1 /* libopencv_legacy.a in Frameworks */,
				A0FE9D4812275058002179C1 /* libopencv_imgproc.a in Frameworks */,
				A0FE9D4912275058002179C1 /* libopencv_highgui.a in Frameworks */,
				A0FE9D4A12275058002179C1 /* libopencv_core.a in Frameworks */,
				A0FE9DB01227D98A002179C1 /* liblibjpeg.a in Frameworks */,
				A0FE9DB11227D98A002179C1 /* liblibpng.a in Frameworks */,
				A0FE9DB21227D98A002179C1 /* liblibtiff.a in Frameworks */,
				A0FE9DB31227D98A002179C1 /* libzlib.a in Frameworks */,
				A0FE9DC31227D9C3002179C1 /* libopencv_lapack.a in Frameworks */,
			);
			runOnlyForDeploymentPostprocessing = 0;
		};
		A0DB4B15121EBBFE00BF48E5 /* Frameworks */ = {
			isa = PBXFrameworksBuildPhase;
			buildActionMask = 2147483647;
			files = (
				A0DB4B16121EBBFE00BF48E5 /* ApplicationServices.framework in Frameworks */,
				A0DB4B17121EBBFE00BF48E5 /* OpenGL.framework in Frameworks */,
				A0DB5038121FF58000BF48E5 /* libsikuli.a in Frameworks */,
				A0FE9D5512275058002179C1 /* libopencv_objdetect.a in Frameworks */,
				A0FE9D5612275058002179C1 /* libopencv_legacy.a in Frameworks */,
				A0FE9D5712275058002179C1 /* libopencv_imgproc.a in Frameworks */,
				A0FE9D5812275058002179C1 /* libopencv_highgui.a in Frameworks */,
				A0FE9D5912275058002179C1 /* libopencv_core.a in Frameworks */,
				A0FE9D5D122750C3002179C1 /* Cocoa.framework in Frameworks */,
				A0FE9DBC1227D98A002179C1 /* liblibjpeg.a in Frameworks */,
				A0FE9DBD1227D98A002179C1 /* liblibpng.a in Frameworks */,
				A0FE9DBE1227D98A002179C1 /* liblibtiff.a in Frameworks */,
				A0FE9DBF1227D98A002179C1 /* libzlib.a in Frameworks */,
				A0FE9DC61227D9C3002179C1 /* libopencv_lapack.a in Frameworks */,
			);
			runOnlyForDeploymentPostprocessing = 0;
		};
		A0DB4FF5121FF3B500BF48E5 /* Frameworks */ = {
			isa = PBXFrameworksBuildPhase;
			buildActionMask = 2147483647;
			files = (
				A0FE9D5012275058002179C1 /* libopencv_objdetect.a in Frameworks */,
				A0FE9D5112275058002179C1 /* libopencv_legacy.a in Frameworks */,
				A0FE9D5212275058002179C1 /* libopencv_imgproc.a in Frameworks */,
				A0FE9D5312275058002179C1 /* libopencv_highgui.a in Frameworks */,
				A0FE9D5412275058002179C1 /* libopencv_core.a in Frameworks */,
				A0FE9DB81227D98A002179C1 /* liblibjpeg.a in Frameworks */,
				A0FE9DB91227D98A002179C1 /* liblibpng.a in Frameworks */,
				A0FE9DBA1227D98A002179C1 /* liblibtiff.a in Frameworks */,
				A0FE9DBB1227D98A002179C1 /* libzlib.a in Frameworks */,
				A0FE9DC51227D9C3002179C1 /* libopencv_lapack.a in Frameworks */,
			);
			runOnlyForDeploymentPostprocessing = 0;
		};
/* End PBXFrameworksBuildPhase section */

/* Begin PBXGroup section */
		08FB7794FE84155DC02AAC07 /* Untitled */ = {
			isa = PBXGroup;
			children = (
				A06B96DB1205998E000C73A3 /* Test */,
				A0DB4690121C8DBF00BF48E5 /* Examples */,
				A06B84E712011E64000C73A3 /* Interfaces */,
				A0454E7E11FF19490018D949 /* Frameworks */,
				08FB7795FE84155DC02AAC07 /* Source */,
				C6859E8C029090F304C91782 /* Documentation */,
				1AB674ADFE9D54B511CA2CBB /* Products */,
			);
			name = Untitled;
			sourceTree = "<group>";
		};
		08FB7795FE84155DC02AAC07 /* Source */ = {
			isa = PBXGroup;
			children = (
				A0FEA045122949A7002179C1 /* screen-image.h */,
				A0FEA046122949A7002179C1 /* screen-image.cpp */,
				A0EB793A12116F7100C243A5 /* event-manager.cpp */,
				A0EB793B12116F7100C243A5 /* event-manager.h */,
				A0EB76A71210DAF200C243A5 /* exceptions.h */,
				A06BA2D0120AE886000C73A3 /* location.cpp */,
				A06BA2D1120AE886000C73A3 /* location.h */,
				A06BA2D2120AE886000C73A3 /* pattern.cpp */,
				A06BA2D3120AE886000C73A3 /* pattern.h */,
				A06BA2D4120AE886000C73A3 /* settings.cpp */,
				A06BA2D5120AE886000C73A3 /* settings.h */,
				A06BA2D6120AE886000C73A3 /* sikuli.cpp */,
				A06BA2D7120AE886000C73A3 /* sikuli.h */,
				A06B99691208350C000C73A3 /* keys.h */,
				A06B996B1208350C000C73A3 /* region.cpp */,
				A06B996C1208350C000C73A3 /* region.h */,
				A06B996D1208350C000C73A3 /* result.h */,
				A06B99701208350C000C73A3 /* screen.cpp */,
				A06B99711208350C000C73A3 /* screen.h */,
				A0DB4F07121F766800BF48E5 /* ui.h */,
				A0DB4F08121F766800BF48E5 /* ui.cpp */,
				A06BA2DC120AEB9A000C73A3 /* OS */,
				A06B96DC120599BB000C73A3 /* Vision */,
				A02C192312143B470048EDE2 /* sikuli-bare.h */,
				A02C192412143B470048EDE2 /* sikuli-bare.cpp */,
			);
			name = Source;
			sourceTree = "<group>";
		};
		1AB674ADFE9D54B511CA2CBB /* Products */ = {
			isa = PBXGroup;
			children = (
				A0DB4FF7121FF3B500BF48E5 /* libsikuli.a */,
				A024C8CD1222898000E21C0C /* play-bejeweled */,
				A024C8CF1222898000E21C0C /* sikuli */,
				A024CA7C122332D600E21C0C /* play-bejeweled */,
			);
			name = Products;
			sourceTree = "<group>";
		};
		A0454E7E11FF19490018D949 /* Frameworks */ = {
			isa = PBXGroup;
			children = (
				A0FE9DC21227D9C3002179C1 /* libopencv_lapack.a */,
				A0FE9DAC1227D98A002179C1 /* liblibjpeg.a */,
				A0FE9DAD1227D98A002179C1 /* liblibpng.a */,
				A0FE9DAE1227D98A002179C1 /* liblibtiff.a */,
				A0FE9DAF1227D98A002179C1 /* libzlib.a */,
				A0FE9D4112275058002179C1 /* libopencv_objdetect.a */,
				A0FE9D4212275058002179C1 /* libopencv_legacy.a */,
				A0FE9D4312275058002179C1 /* libopencv_imgproc.a */,
				A0FE9D4412275058002179C1 /* libopencv_highgui.a */,
				A0FE9D4512275058002179C1 /* libopencv_core.a */,
				A0454E7F11FF19570018D949 /* ApplicationServices.framework */,
				A045505F11FF44440018D949 /* OpenGL.framework */,
				A0FE9D5C122750C3002179C1 /* Cocoa.framework */,
			);
			name = Frameworks;
			sourceTree = "<group>";
		};
		A06B84E712011E64000C73A3 /* Interfaces */ = {
			isa = PBXGroup;
			children = (
				A06B840B1200A4E0000C73A3 /* setup.py */,
			);
			name = Interfaces;
			sourceTree = "<group>";
		};
		A06B96DB1205998E000C73A3 /* Test */ = {
			isa = PBXGroup;
			children = (
				A0DB4C0C121ECE3C00BF48E5 /* main_cxxtest.cpp */,
				A0DB4C41121ED8A300BF48E5 /* MacTestSuite.h */,
				A0DB4B9A121EC98900BF48E5 /* CoreTestSuite.h */,
				A0DB4B2F121EBC7C00BF48E5 /* FlashTestSuite.h */,
				A0DB4BE5121ECC8200BF48E5 /* CoreTestSuite.cpp */,
				A0DB4C3F121ED88900BF48E5 /* MacTestSuite.cpp */,
				A0DB4B34121EBCD000BF48E5 /* FlashTestSuite.cpp */,
				A06B9964120834DF000C73A3 /* TimingBlock.h */,
				A06B9963120834DF000C73A3 /* TimingBlock.cc */,
			);
			name = Test;
			sourceTree = "<group>";
		};
		A06B96DC120599BB000C73A3 /* Vision */ = {
			isa = PBXGroup;
			children = (
				A06B9952120834B5000C73A3 /* cv-util.cpp */,
				A06B9954120834B5000C73A3 /* finder.cpp */,
				A06B9956120834B5000C73A3 /* ocr.cpp */,
				A06B9958120834B5000C73A3 /* pyramid-template-matcher.cpp */,
				A06B995A120834B5000C73A3 /* vision.cpp */,
				A06B96F512059E1F000C73A3 /* Headers */,
			);
			name = Vision;
			sourceTree = "<group>";
		};
		A06B96F512059E1F000C73A3 /* Headers */ = {
			isa = PBXGroup;
			children = (
				A06B9953120834B5000C73A3 /* cv-util.h */,
				A06B9955120834B5000C73A3 /* finder.h */,
				A06B9957120834B5000C73A3 /* ocr.h */,
				A06B9959120834B5000C73A3 /* pyramid-template-matcher.h */,
				A06B995B120834B5000C73A3 /* vision.h */,
			);
			name = Headers;
			sourceTree = "<group>";
		};
		A06BA2DC120AEB9A000C73A3 /* OS */ = {
			isa = PBXGroup;
			children = (
				A06B99671208350C000C73A3 /* glgrab.c */,
				A06B99681208350C000C73A3 /* glgrab.h */,
				A06B996E1208350C000C73A3 /* robot.cpp */,
				A06B996F1208350C000C73A3 /* robot.h */,
			);
			name = OS;
			sourceTree = "<group>";
		};
		A0DB4690121C8DBF00BF48E5 /* Examples */ = {
			isa = PBXGroup;
			children = (
				A024CA62122332B500E21C0C /* play-bejeweled.cpp */,
				A024CA63122332B500E21C0C /* play-whackamole.cpp */,
				A0FE970A1224A502002179C1 /* test_register.h */,
				A0FE970B1224A502002179C1 /* test_register.cpp */,
			);
			name = Examples;
			sourceTree = "<group>";
		};
		C6859E8C029090F304C91782 /* Documentation */ = {
			isa = PBXGroup;
			children = (
			);
			name = Documentation;
			sourceTree = "<group>";
		};
/* End PBXGroup section */

/* Begin PBXHeadersBuildPhase section */
		A0DB4FF3121FF3B500BF48E5 /* Headers */ = {
			isa = PBXHeadersBuildPhase;
			buildActionMask = 2147483647;
			files = (
				A0DB50711220AC4500BF48E5 /* event-manager.h in Headers */,
				A0DB50721220AC4500BF48E5 /* exceptions.h in Headers */,
				A0DB50731220AC4500BF48E5 /* location.h in Headers */,
				A0DB50741220AC4500BF48E5 /* pattern.h in Headers */,
				A0DB50751220AC4500BF48E5 /* settings.h in Headers */,
				A0DB50761220AC4500BF48E5 /* sikuli.h in Headers */,
				A0DB50771220AC4500BF48E5 /* keys.h in Headers */,
				A0DB50781220AC4500BF48E5 /* region.h in Headers */,
				A0DB50791220AC4500BF48E5 /* result.h in Headers */,
				A0DB507A1220AC4500BF48E5 /* screen.h in Headers */,
				A0DB507B1220AC4500BF48E5 /* ui.h in Headers */,
				A0FEA047122949A7002179C1 /* screen-image.h in Headers */,
			);
			runOnlyForDeploymentPostprocessing = 0;
		};
/* End PBXHeadersBuildPhase section */

/* Begin PBXNativeTarget section */
		A024CA65122332D600E21C0C /* play-whackamole */ = {
			isa = PBXNativeTarget;
			buildConfigurationList = A024CA79122332D600E21C0C /* Build configuration list for PBXNativeTarget "play-whackamole" */;
			buildPhases = (
				A024CA68122332D600E21C0C /* Sources */,
				A024CA6A122332D600E21C0C /* Frameworks */,
				A024CA78122332D600E21C0C /* CopyFiles */,
			);
			buildRules = (
			);
			dependencies = (
				A024CA66122332D600E21C0C /* PBXTargetDependency */,
			);
			name = "play-whackamole";
			productInstallPath = "$(HOME)/bin";
			productName = Untitled;
			productReference = A024CA7C122332D600E21C0C /* play-bejeweled */;
			productType = "com.apple.product-type.tool";
		};
		A0DB4898121D40C300BF48E5 /* play-bejeweled */ = {
			isa = PBXNativeTarget;
			buildConfigurationList = A0DB48BD121D40C300BF48E5 /* Build configuration list for PBXNativeTarget "play-bejeweled" */;
			buildPhases = (
				A0DB4899121D40C300BF48E5 /* Sources */,
				A0DB48AE121D40C300BF48E5 /* Frameworks */,
				A0DB48BC121D40C300BF48E5 /* CopyFiles */,
			);
			buildRules = (
			);
			dependencies = (
				A024C8AA122286A100E21C0C /* PBXTargetDependency */,
			);
			name = "play-bejeweled";
			productInstallPath = "$(HOME)/bin";
			productName = Untitled;
			productReference = A024C8CD1222898000E21C0C /* play-bejeweled */;
			productType = "com.apple.product-type.tool";
		};
		A0DB4B02121EBBFE00BF48E5 /* sikuli-cxxtest */ = {
			isa = PBXNativeTarget;
			buildConfigurationList = A0DB4B24121EBBFE00BF48E5 /* Build configuration list for PBXNativeTarget "sikuli-cxxtest" */;
			buildPhases = (
				A0DB4B03121EBBFE00BF48E5 /* Sources */,
				A0DB4B15121EBBFE00BF48E5 /* Frameworks */,
				A0DB4B23121EBBFE00BF48E5 /* CopyFiles */,
			);
			buildRules = (
			);
			dependencies = (
				A0DB501C121FF4D500BF48E5 /* PBXTargetDependency */,
			);
			name = "sikuli-cxxtest";
			productInstallPath = "$(HOME)/bin";
			productName = Untitled;
			productReference = A024C8CF1222898000E21C0C /* sikuli */;
			productType = "com.apple.product-type.tool";
		};
		A0DB4FF6121FF3B500BF48E5 /* libsikuli */ = {
			isa = PBXNativeTarget;
			buildConfigurationList = A0DB4FFD121FF3D200BF48E5 /* Build configuration list for PBXNativeTarget "libsikuli" */;
			buildPhases = (
				A0DB4FF3121FF3B500BF48E5 /* Headers */,
				A0DB4FF4121FF3B500BF48E5 /* Sources */,
				A0DB4FF5121FF3B500BF48E5 /* Frameworks */,
			);
			buildRules = (
			);
			dependencies = (
			);
			name = libsikuli;
			productName = libsikuli1;
			productReference = A0DB4FF7121FF3B500BF48E5 /* libsikuli.a */;
			productType = "com.apple.product-type.library.static";
		};
/* End PBXNativeTarget section */

/* Begin PBXProject section */
		08FB7793FE84155DC02AAC07 /* Project object */ = {
			isa = PBXProject;
			attributes = {
				ORGANIZATIONNAME = sikuli.org;
			};
			buildConfigurationList = 1DEB923508733DC60010E9CD /* Build configuration list for PBXProject "sikuli" */;
			compatibilityVersion = "Xcode 3.1";
			hasScannedForEncodings = 1;
			mainGroup = 08FB7794FE84155DC02AAC07 /* Untitled */;
			projectDirPath = "";
			projectRoot = "";
			targets = (
				A0DB4898121D40C300BF48E5 /* play-bejeweled */,
				A0DB4B02121EBBFE00BF48E5 /* sikuli-cxxtest */,
				A0DB4FF6121FF3B500BF48E5 /* libsikuli */,
				A024CA65122332D600E21C0C /* play-whackamole */,
			);
		};
/* End PBXProject section */

/* Begin PBXSourcesBuildPhase section */
		A024CA68122332D600E21C0C /* Sources */ = {
			isa = PBXSourcesBuildPhase;
			buildActionMask = 2147483647;
			files = (
				A024CA7E122332FB00E21C0C /* play-whackamole.cpp in Sources */,
			);
			runOnlyForDeploymentPostprocessing = 0;
		};
		A0DB4899121D40C300BF48E5 /* Sources */ = {
			isa = PBXSourcesBuildPhase;
			buildActionMask = 2147483647;
			files = (
				A024CA64122332D200E21C0C /* play-bejeweled.cpp in Sources */,
				A0FE970C1224A502002179C1 /* test_register.cpp in Sources */,
			);
			runOnlyForDeploymentPostprocessing = 0;
		};
		A0DB4B03121EBBFE00BF48E5 /* Sources */ = {
			isa = PBXSourcesBuildPhase;
			buildActionMask = 2147483647;
			files = (
				A0DB4B35121EBCD000BF48E5 /* FlashTestSuite.cpp in Sources */,
				A0DB4BE6121ECC8200BF48E5 /* CoreTestSuite.cpp in Sources */,
				A0DB4C0D121ECE3C00BF48E5 /* main_cxxtest.cpp in Sources */,
				A0DB4C40121ED88900BF48E5 /* MacTestSuite.cpp in Sources */,
			);
			runOnlyForDeploymentPostprocessing = 0;
		};
		A0DB4FF4121FF3B500BF48E5 /* Sources */ = {
			isa = PBXSourcesBuildPhase;
			buildActionMask = 2147483647;
			files = (
				A0DB4FFE121FF3E600BF48E5 /* cv-util.cpp in Sources */,
				A0DB4FFF121FF3E600BF48E5 /* finder.cpp in Sources */,
				A0DB5000121FF3E600BF48E5 /* ocr.cpp in Sources */,
				A0DB5001121FF3E600BF48E5 /* pyramid-template-matcher.cpp in Sources */,
				A0DB5002121FF3E600BF48E5 /* vision.cpp in Sources */,
				A0DB5003121FF3E600BF48E5 /* TimingBlock.cc in Sources */,
				A0DB5006121FF3E600BF48E5 /* region.cpp in Sources */,
				A0DB5007121FF3E600BF48E5 /* robot.cpp in Sources */,
				A0DB5008121FF3E600BF48E5 /* screen.cpp in Sources */,
				A0DB4FFA121FF3BE00BF48E5 /* location.cpp in Sources */,
				A0DB5009121FF3E600BF48E5 /* pattern.cpp in Sources */,
				A0DB500A121FF3E600BF48E5 /* settings.cpp in Sources */,
				A0DB500B121FF3E600BF48E5 /* sikuli.cpp in Sources */,
				A0DB500C121FF3E600BF48E5 /* event-manager.cpp in Sources */,
				A0DB500D121FF3E600BF48E5 /* ui.cpp in Sources */,
				A0FEA048122949A7002179C1 /* screen-image.cpp in Sources */,
			);
			runOnlyForDeploymentPostprocessing = 0;
		};
/* End PBXSourcesBuildPhase section */

/* Begin PBXTargetDependency section */
		A024C8AA122286A100E21C0C /* PBXTargetDependency */ = {
			isa = PBXTargetDependency;
			target = A0DB4FF6121FF3B500BF48E5 /* libsikuli */;
			targetProxy = A024C8A9122286A100E21C0C /* PBXContainerItemProxy */;
		};
		A024CA66122332D600E21C0C /* PBXTargetDependency */ = {
			isa = PBXTargetDependency;
			target = A0DB4FF6121FF3B500BF48E5 /* libsikuli */;
			targetProxy = A024CA67122332D600E21C0C /* PBXContainerItemProxy */;
		};
		A0DB501C121FF4D500BF48E5 /* PBXTargetDependency */ = {
			isa = PBXTargetDependency;
			target = A0DB4FF6121FF3B500BF48E5 /* libsikuli */;
			targetProxy = A0DB501B121FF4D500BF48E5 /* PBXContainerItemProxy */;
		};
/* End PBXTargetDependency section */

/* Begin XCBuildConfiguration section */
		1DEB923608733DC60010E9CD /* Debug */ = {
			isa = XCBuildConfiguration;
			buildSettings = {
				ARCHS = "$(ARCHS_STANDARD_32_64_BIT)";
				GCC_C_LANGUAGE_STANDARD = gnu99;
				GCC_OPTIMIZATION_LEVEL = 0;
				GCC_PREPROCESSOR_DEFINITIONS = OPENCV_NEW;
				GCC_WARN_ABOUT_RETURN_TYPE = YES;
				GCC_WARN_UNUSED_VARIABLE = YES;
				HEADER_SEARCH_PATHS = (
					/usr/local/include,
					/usr/local/include/opencv2,
				);
				ONLY_ACTIVE_ARCH = YES;
				PREBINDING = NO;
				SDKROOT = macosx10.6;
				STANDARD_C_PLUS_PLUS_LIBRARY_TYPE = dynamic;
			};
			name = Debug;
		};
		1DEB923708733DC60010E9CD /* Release */ = {
			isa = XCBuildConfiguration;
			buildSettings = {
				ARCHS = "$(ARCHS_STANDARD_32_64_BIT)";
				GCC_C_LANGUAGE_STANDARD = gnu99;
				GCC_PREPROCESSOR_DEFINITIONS = OPENCV_NEW;
				GCC_WARN_ABOUT_RETURN_TYPE = YES;
				GCC_WARN_UNUSED_VARIABLE = YES;
				HEADER_SEARCH_PATHS = (
					/usr/local/include,
					/usr/local/include/opencv2,
				);
				PREBINDING = NO;
				SDKROOT = macosx10.6;
			};
			name = Release;
		};
		A024CA7A122332D600E21C0C /* Debug */ = {
			isa = XCBuildConfiguration;
			buildSettings = {
				ALWAYS_SEARCH_USER_PATHS = NO;
				ARCHS = "$(ARCHS_STANDARD_64_BIT)";
				COPY_PHASE_STRIP = NO;
				GCC_DYNAMIC_NO_PIC = NO;
				GCC_ENABLE_FIX_AND_CONTINUE = YES;
				GCC_MODEL_TUNING = G5;
				GCC_OPTIMIZATION_LEVEL = 0;
				INSTALL_PATH = /usr/local/bin;
				LIBRARY_SEARCH_PATHS = (
					"$(inherited)",
					/opt/local/lib,
					"\"$(SRCROOT)/../../../install/opencv/3rdparty/lib\"",
				);
				PRODUCT_NAME = "play-bejeweled";
			};
			name = Debug;
		};
		A024CA7B122332D600E21C0C /* Release */ = {
			isa = XCBuildConfiguration;
			buildSettings = {
				ALWAYS_SEARCH_USER_PATHS = NO;
				ARCHS = "$(ARCHS_STANDARD_64_BIT)";
				DEBUG_INFORMATION_FORMAT = "dwarf-with-dsym";
				GCC_MODEL_TUNING = G5;
				HEADER_SEARCH_PATHS = /usr/local/include;
				INSTALL_PATH = /usr/local/bin;
				LIBRARY_SEARCH_PATHS = (
					"$(inherited)",
					/opt/local/lib,
					"\"$(SRCROOT)/../../../install/opencv/3rdparty/lib\"",
				);
				PRODUCT_NAME = "play-bejeweled";
				VALID_ARCHS = "i386 x86_64";
			};
			name = Release;
		};
		A0DB48BE121D40C300BF48E5 /* Debug */ = {
			isa = XCBuildConfiguration;
			buildSettings = {
				ALWAYS_SEARCH_USER_PATHS = NO;
				ARCHS = "$(ARCHS_STANDARD_64_BIT)";
				COPY_PHASE_STRIP = NO;
				GCC_DYNAMIC_NO_PIC = NO;
				GCC_ENABLE_FIX_AND_CONTINUE = YES;
				GCC_MODEL_TUNING = G5;
				GCC_OPTIMIZATION_LEVEL = 0;
				GCC_PREPROCESSOR_DEFINITIONS = (
					MAC,
					OPENCV_NEW,
				);
				INSTALL_PATH = /usr/local/bin;
				LIBRARY_SEARCH_PATHS = (
					"$(inherited)",
					/opt/local/lib,
					"\"$(SRCROOT)/../../../install/opencv/3rdparty/lib\"",
				);
				PRODUCT_NAME = "play-bejeweled";
			};
			name = Debug;
		};
		A0DB48BF121D40C300BF48E5 /* Release */ = {
			isa = XCBuildConfiguration;
			buildSettings = {
				ALWAYS_SEARCH_USER_PATHS = NO;
				ARCHS = "$(ARCHS_STANDARD_64_BIT)";
				DEBUG_INFORMATION_FORMAT = "dwarf-with-dsym";
				GCC_MODEL_TUNING = G5;
				GCC_PREPROCESSOR_DEFINITIONS = (
					MAC,
					OPENCV_NEW,
				);
				HEADER_SEARCH_PATHS = /usr/local/include;
				INSTALL_PATH = /usr/local/bin;
				LIBRARY_SEARCH_PATHS = (
					"$(inherited)",
					/opt/local/lib,
					"\"$(SRCROOT)/../../../install/opencv/3rdparty/lib\"",
				);
				PRODUCT_NAME = "play-bejeweled";
				VALID_ARCHS = "i386 x86_64";
			};
			name = Release;
		};
		A0DB4B25121EBBFE00BF48E5 /* Debug */ = {
			isa = XCBuildConfiguration;
			buildSettings = {
				ALWAYS_SEARCH_USER_PATHS = NO;
				ARCHS = "$(ARCHS_STANDARD_64_BIT)";
				COPY_PHASE_STRIP = NO;
				GCC_DYNAMIC_NO_PIC = NO;
				GCC_ENABLE_FIX_AND_CONTINUE = YES;
				GCC_MODEL_TUNING = G5;
				GCC_OPTIMIZATION_LEVEL = 0;
				GCC_PREPROCESSOR_DEFINITIONS = MAC;
				INSTALL_PATH = /usr/local/bin;
				LIBRARY_SEARCH_PATHS = (
					"$(inherited)",
					"\"$(SRCROOT)/build/Debug\"",
					/opt/local/lib,
					"\"$(SRCROOT)/../../../install/opencv/3rdparty/lib\"",
				);
				PRODUCT_NAME = sikuli;
			};
			name = Debug;
		};
		A0DB4B26121EBBFE00BF48E5 /* Release */ = {
			isa = XCBuildConfiguration;
			buildSettings = {
				ALWAYS_SEARCH_USER_PATHS = NO;
				ARCHS = "$(ARCHS_STANDARD_64_BIT)";
				DEBUG_INFORMATION_FORMAT = "dwarf-with-dsym";
				GCC_MODEL_TUNING = G5;
				GCC_PREPROCESSOR_DEFINITIONS = MAC;
				HEADER_SEARCH_PATHS = /usr/local/include;
				INSTALL_PATH = /usr/local/bin;
				LIBRARY_SEARCH_PATHS = (
					"$(inherited)",
					"\"$(SRCROOT)/build/Debug\"",
					/opt/local/lib,
					"\"$(SRCROOT)/../../../install/opencv/3rdparty/lib\"",
				);
				PRODUCT_NAME = sikuli;
			};
			name = Release;
		};
		A0DB4FF8121FF3B600BF48E5 /* Debug */ = {
			isa = XCBuildConfiguration;
			buildSettings = {
				ALWAYS_SEARCH_USER_PATHS = NO;
				COPY_PHASE_STRIP = NO;
				GCC_DYNAMIC_NO_PIC = NO;
				GCC_ENABLE_FIX_AND_CONTINUE = YES;
				GCC_MODEL_TUNING = G5;
				GCC_OPTIMIZATION_LEVEL = 0;
				GCC_PREPROCESSOR_DEFINITIONS = MAC;
				HEADER_SEARCH_PATHS = (
					/usr/local/include/opencv,
					/usr/local/include,
				);
				INSTALL_PATH = /usr/local/lib;
				LIBRARY_SEARCH_PATHS = (
					"$(inherited)",
					/opt/local/lib,
					"\"$(SRCROOT)/../../../install/opencv/3rdparty/lib\"",
				);
				PREBINDING = NO;
				PRODUCT_NAME = sikuli;
				VALID_ARCHS = "i386 x86_64";
			};
			name = Debug;
		};
		A0DB4FF9121FF3B600BF48E5 /* Release */ = {
			isa = XCBuildConfiguration;
			buildSettings = {
				ALWAYS_SEARCH_USER_PATHS = NO;
				CONFIGURATION_BUILD_DIR = "$(BUILD_DIR)/$(CONFIGURATION)";
				COPY_PHASE_STRIP = YES;
				DEBUG_INFORMATION_FORMAT = "dwarf-with-dsym";
				GCC_ENABLE_FIX_AND_CONTINUE = NO;
				GCC_MODEL_TUNING = G5;
				GCC_PREPROCESSOR_DEFINITIONS = MAC;
				HEADER_SEARCH_PATHS = (
					/usr/local/include/opencv,
					/usr/local/include,
				);
				INSTALL_PATH = /usr/local/lib;
				LIBRARY_SEARCH_PATHS = (
					"$(inherited)",
					/opt/local/lib,
					"\"$(SRCROOT)/../../../install/opencv/3rdparty/lib\"",
				);
				PREBINDING = NO;
				PRODUCT_NAME = sikuli;
				SYMROOT = build;
				VALID_ARCHS = "i386 x86_64";
				ZERO_LINK = NO;
			};
			name = Release;
		};
/* End XCBuildConfiguration section */

/* Begin XCConfigurationList section */
		1DEB923508733DC60010E9CD /* Build configuration list for PBXProject "sikuli" */ = {
			isa = XCConfigurationList;
			buildConfigurations = (
				1DEB923608733DC60010E9CD /* Debug */,
				1DEB923708733DC60010E9CD /* Release */,
			);
			defaultConfigurationIsVisible = 0;
			defaultConfigurationName = Release;
		};
		A024CA79122332D600E21C0C /* Build configuration list for PBXNativeTarget "play-whackamole" */ = {
			isa = XCConfigurationList;
			buildConfigurations = (
				A024CA7A122332D600E21C0C /* Debug */,
				A024CA7B122332D600E21C0C /* Release */,
			);
			defaultConfigurationIsVisible = 0;
			defaultConfigurationName = Release;
		};
		A0DB48BD121D40C300BF48E5 /* Build configuration list for PBXNativeTarget "play-bejeweled" */ = {
			isa = XCConfigurationList;
			buildConfigurations = (
				A0DB48BE121D40C300BF48E5 /* Debug */,
				A0DB48BF121D40C300BF48E5 /* Release */,
			);
			defaultConfigurationIsVisible = 0;
			defaultConfigurationName = Release;
		};
		A0DB4B24121EBBFE00BF48E5 /* Build configuration list for PBXNativeTarget "sikuli-cxxtest" */ = {
			isa = XCConfigurationList;
			buildConfigurations = (
				A0DB4B25121EBBFE00BF48E5 /* Debug */,
				A0DB4B26121EBBFE00BF48E5 /* Release */,
			);
			defaultConfigurationIsVisible = 0;
			defaultConfigurationName = Release;
		};
		A0DB4FFD121FF3D200BF48E5 /* Build configuration list for PBXNativeTarget "libsikuli" */ = {
			isa = XCConfigurationList;
			buildConfigurations = (
				A0DB4FF8121FF3B600BF48E5 /* Debug */,
				A0DB4FF9121FF3B600BF48E5 /* Release */,
			);
			defaultConfigurationIsVisible = 0;
			defaultConfigurationName = Release;
		};
/* End XCConfigurationList section */
	};
	rootObject = 08FB7793FE84155DC02AAC07 /* Project object */;
}
